{
  "lockfile_version": "1",
  "packages": {
    "github:NixOS/nixpkgs/nixpkgs-unstable": {
      "last_modified": "2025-08-04T20:54:38Z",
      "resolved": "github:NixOS/nixpkgs/cab778239e705082fe97bb4990e0d24c50924c04?lastModified=1754340878&narHash=sha256-lgmUyVQL9tSnvvIvBp7x1euhkkCho7n3TMzgjdvgPoU%3D"
    },
    "libiconv@latest": {
      "last_modified": "2025-07-28T17:09:23Z",
      "resolved": "github:NixOS/nixpkgs/648f70160c03151bc2121d179291337ad6bc564b#libiconv",
      "source": "devbox-search",
      "version": "109",
      "systems": {
        "aarch64-darwin": {
          "outputs": [
            {
              "name": "out",
              "path": "/nix/store/lcpbdhaw5yrw96kghpq9d5z0cfq4ljq5-libiconv-109",
              "default": true
            },
            {
              "name": "dev",
              "path": "/nix/store/mcc940l8kl31m86qsi4ns5bcafsp7vfi-libiconv-109-dev"
            }
          ],
          "store_path": "/nix/store/lcpbdhaw5yrw96kghpq9d5z0cfq4ljq5-libiconv-109"
        },
        "x86_64-darwin": {
          "outputs": [
            {
              "name": "out",
              "path": "/nix/store/8xi6xc6hgs7saynm4xnlpdl99k37ddfi-libiconv-109",
              "default": true
            },
            {
              "name": "dev",
              "path": "/nix/store/kn2rgsbvpg9nz998mi6nnzcbsfb8jgxl-libiconv-109-dev"
            }
          ],
          "store_path": "/nix/store/8xi6xc6hgs7saynm4xnlpdl99k37ddfi-libiconv-109"
        }
      }
    },
    "nodejs@20": {
      "last_modified": "2025-08-10T04:38:50Z",
      "plugin_version": "0.0.2",
      "resolved": "github:NixOS/nixpkgs/641d909c4a7538f1539da9240dedb1755c907e40#nodejs_20",
      "source": "devbox-search",
      "version": "20.19.4",
      "systems": {
        "aarch64-darwin": {
          "outputs": [
            {
              "name": "out",
              "path": "/nix/store/2xza7g9y47n717w43qdd1ikc0y10qh16-nodejs-20.19.4",
              "default": true
            },
            {
              "name": "dev",
              "path": "/nix/store/yvcblmgwq9md8f2mpw8ra2cf3b7jkm7b-nodejs-20.19.4-dev"
            },
            {
              "name": "libv8",
              "path": "/nix/store/x5b5wq2qjfq9di05qlja0wd7ypqcnxc8-nodejs-20.19.4-libv8"
            }
          ],
          "store_path": "/nix/store/2xza7g9y47n717w43qdd1ikc0y10qh16-nodejs-20.19.4"
        },
        "aarch64-linux": {
          "outputs": [
            {
              "name": "out",
              "path": "/nix/store/rpk03376gp4vrjrahx11ncr50ji6cvhw-nodejs-20.19.4",
              "default": true
            },
            {
              "name": "dev",
              "path": "/nix/store/qai8hc7vnmxil2b9ab86gv2wrg5yx67q-nodejs-20.19.4-dev"
            },
            {
              "name": "libv8",
              "path": "/nix/store/4d388d34pvahifbini4a28wm1wzi9c6l-nodejs-20.19.4-libv8"
            }
          ],
          "store_path": "/nix/store/rpk03376gp4vrjrahx11ncr50ji6cvhw-nodejs-20.19.4"
        },
        "x86_64-darwin": {
          "outputs": [
            {
              "name": "out",
              "path": "/nix/store/x7ail2dy0fi3742yridnnk3hdlp16cls-nodejs-20.19.4",
              "default": true
            },
            {
              "name": "dev",
              "path": "/nix/store/pcjlzxxfrgvw9pp0ir5v58h7n1al9xrn-nodejs-20.19.4-dev"
            },
            {
              "name": "libv8",
              "path": "/nix/store/zjmxxl948wyf7vczhz56rh6nmmysm6bl-nodejs-20.19.4-libv8"
            }
          ],
          "store_path": "/nix/store/x7ail2dy0fi3742yridnnk3hdlp16cls-nodejs-20.19.4"
        },
        "x86_64-linux": {
          "outputs": [
            {
              "name": "out",
              "path": "/nix/store/l62aza10kx0xp1f235q2lbrzzqj5lcs9-nodejs-20.19.4",
              "default": true
            },
            {
              "name": "dev",
              "path": "/nix/store/a73v659hn20f543z519cmm3vplah8pns-nodejs-20.19.4-dev"
            },
            {
              "name": "libv8",
              "path": "/nix/store/5q0dhajwwv1pfwnkm79wphvgi19wi49c-nodejs-20.19.4-libv8"
            }
          ],
          "store_path": "/nix/store/l62aza10kx0xp1f235q2lbrzzqj5lcs9-nodejs-20.19.4"
        }
      }
    },
    "rustup@latest": {
      "last_modified": "2025-07-28T17:09:23Z",
      "plugin_version": "0.0.1",
      "resolved": "github:NixOS/nixpkgs/648f70160c03151bc2121d179291337ad6bc564b#rustup",
      "source": "devbox-search",
      "version": "1.28.2",
      "systems": {
        "aarch64-darwin": {
          "outputs": [
            {
              "name": "out",
              "path": "/nix/store/fhz4c3pawxqklssimadm9gp5jfagfl8v-rustup-1.28.2",
              "default": true
            }
          ],
          "store_path": "/nix/store/fhz4c3pawxqklssimadm9gp5jfagfl8v-rustup-1.28.2"
        },
        "aarch64-linux": {
          "outputs": [
            {
              "name": "out",
              "path": "/nix/store/0z156naqlk96m681ns9jji0pw4vwqxq9-rustup-1.28.2",
              "default": true
            }
          ],
          "store_path": "/nix/store/0z156naqlk96m681ns9jji0pw4vwqxq9-rustup-1.28.2"
        },
        "x86_64-darwin": {
          "outputs": [
            {
              "name": "out",
              "path": "/nix/store/2zgwgadb3q97mcia0w2z643y17ifpjkz-rustup-1.28.2",
              "default": true
            }
          ],
          "store_path": "/nix/store/2zgwgadb3q97mcia0w2z643y17ifpjkz-rustup-1.28.2"
        },
        "x86_64-linux": {
          "outputs": [
            {
              "name": "out",
              "path": "/nix/store/4z7n3dky3wmx7130rid6c67ra1ipqhn1-rustup-1.28.2",
              "default": true
            }
          ],
          "store_path": "/nix/store/4z7n3dky3wmx7130rid6c67ra1ipqhn1-rustup-1.28.2"
        }
      }
    },
    "typescript@latest": {
      "last_modified": "2025-08-01T06:30:45Z",
      "resolved": "github:NixOS/nixpkgs/a7822a17050fedda63794775b9090880c8214290#typescript",
      "source": "devbox-search",
      "version": "5.9.2",
      "systems": {
        "aarch64-darwin": {
          "outputs": [
            {
              "name": "out",
              "path": "/nix/store/ka00c047hhd0nhia2796fzvwp5c6qxbs-typescript-5.9.2",
              "default": true
            }
          ],
          "store_path": "/nix/store/ka00c047hhd0nhia2796fzvwp5c6qxbs-typescript-5.9.2"
        },
        "aarch64-linux": {
          "outputs": [
            {
              "name": "out",
              "path": "/nix/store/ibny55v2vz74cpmaa9bvbz6w3iqaqdra-typescript-5.9.2",
              "default": true
            }
          ],
          "store_path": "/nix/store/ibny55v2vz74cpmaa9bvbz6w3iqaqdra-typescript-5.9.2"
        },
        "x86_64-darwin": {
          "outputs": [
            {
              "name": "out",
              "path": "/nix/store/wjrisv68ml48v509ycfvia8jz2irxgxw-typescript-5.9.2",
              "default": true
            }
          ],
          "store_path": "/nix/store/wjrisv68ml48v509ycfvia8jz2irxgxw-typescript-5.9.2"
        },
        "x86_64-linux": {
          "outputs": [
            {
              "name": "out",
              "path": "/nix/store/4y4nf45kb9hpc6qc5piwaja8mkfs12sq-typescript-5.9.2",
              "default": true
            }
          ],
          "store_path": "/nix/store/4y4nf45kb9hpc6qc5piwaja8mkfs12sq-typescript-5.9.2"
        }
      }
    },
    "wasm-pack@latest": {
      "last_modified": "2025-07-28T17:09:23Z",
      "resolved": "github:NixOS/nixpkgs/648f70160c03151bc2121d179291337ad6bc564b#wasm-pack",
      "source": "devbox-search",
      "version": "0.13.1",
      "systems": {
        "aarch64-darwin": {
          "outputs": [
            {
              "name": "out",
              "path": "/nix/store/vxw9vvkj29l5aal3dn1j4dn4f69x4zy4-wasm-pack-0.13.1",
              "default": true
            }
          ],
          "store_path": "/nix/store/vxw9vvkj29l5aal3dn1j4dn4f69x4zy4-wasm-pack-0.13.1"
        },
        "aarch64-linux": {
          "outputs": [
            {
              "name": "out",
              "path": "/nix/store/f5gazim8p0ib47xmrgrsx272n1ag0z5k-wasm-pack-0.13.1",
              "default": true
            }
          ],
          "store_path": "/nix/store/f5gazim8p0ib47xmrgrsx272n1ag0z5k-wasm-pack-0.13.1"
        },
        "x86_64-darwin": {
          "outputs": [
            {
              "name": "out",
              "path": "/nix/store/flgsklmx2v2xy2nydz2019r9p41ycsvf-wasm-pack-0.13.1",
              "default": true
            }
          ],
          "store_path": "/nix/store/flgsklmx2v2xy2nydz2019r9p41ycsvf-wasm-pack-0.13.1"
        },
        "x86_64-linux": {
          "outputs": [
            {
              "name": "out",
              "path": "/nix/store/piwsw0894jn2lfg2s70l7qxhx17bdpbr-wasm-pack-0.13.1",
              "default": true
            }
          ],
          "store_path": "/nix/store/piwsw0894jn2lfg2s70l7qxhx17bdpbr-wasm-pack-0.13.1"
        }
      }
    }
  }
}
